{
  "name": "ternwords",
  "version": "1.0.7",
  "lockfileVersion": 1,
  "requires": true,
  "dependencies": {
    "joezone": {
      "version": "1.1.37",
      "resolved": "https://registry.npmjs.org/joezone/-/joezone-1.1.37.tgz",
      "integrity": "sha512-9pv765ZjDd/BbPXgkPjGCsW4Y3yZe4oXVpRPyQ1cN/iqPrlaCsQKE6ZDKWIophHGFSX7PzHgi4IB3ah6I9Ylkw=="
    }
  }
}
